
Microsoft Visual Studio Solution File, Format Version 12.00
# Visual Studio 15
VisualStudioVersion = 15.0.28307.106
MinimumVisualStudioVersion = 10.0.40219.1
Project("{FAE04EC0-301F-11D3-BF4B-00C04F79EFBC}") = "Academy.Gateways.RestApi", "Academy.Gateways.RestApi\Academy.Gateways.RestApi.csproj", "{3FA8F2E8-4DE6-4837-A0B8-4D0398E347C2}"
EndProject
Global
	GlobalSection(SolutionConfigurationPlatforms) = preSolution
		Debug|Any CPU = Debug|Any CPU
		Release|Any CPU = Release|Any CPU
	EndGlobalSection
	GlobalSection(ProjectConfigurationPlatforms) = postSolution
		{3FA8F2E8-4DE6-4837-A0B8-4D0398E347C2}.Debug|Any CPU.ActiveCfg = Debug|Any CPU
		{3FA8F2E8-4DE6-4837-A0B8-4D0398E347C2}.Debug|Any CPU.Build.0 = Debug|Any CPU
		{3FA8F2E8-4DE6-4837-A0B8-4D0398E347C2}.Release|Any CPU.ActiveCfg = Release|Any CPU
		{3FA8F2E8-4DE6-4837-A0B8-4D0398E347C2}.Release|Any CPU.Build.0 = Release|Any CPU
	EndGlobalSection
	GlobalSection(SolutionProperties) = preSolution
		HideSolutionNode = FALSE
	EndGlobalSection
	GlobalSection(ExtensibilityGlobals) = postSolution
		SolutionGuid = {6474B25D-BFCD-43CD-B28C-81E14F348043}
	EndGlobalSection
EndGlobal
